version = 1
revision = 2
requires-python = ">=3.13"

[[package]]
name = "asgiref"
version = "3.8.1"
source = { registry = "https://pypi.org/simple" }
sdist = { url = "https://files.pythonhosted.org/packages/29/38/b3395cc9ad1b56d2ddac9970bc8f4141312dbaec28bc7c218b0dfafd0f42/asgiref-3.8.1.tar.gz", hash = "sha256:c343bd80a0bec947a9860adb4c432ffa7db769836c64238fc34bdc3fec84d590", size = 35186, upload_time = "2024-03-22T14:39:36.863Z" }
wheels = [
    { url = "https://files.pythonhosted.org/packages/39/e3/893e8757be2612e6c266d9bb58ad2e3651524b5b40cf56761e985a28b13e/asgiref-3.8.1-py3-none-any.whl", hash = "sha256:3e1e3ecc849832fe52ccf2cb6686b7a55f82bb1d6aee72a58826471390335e47", size = 23828, upload_time = "2024-03-22T14:39:34.521Z" },
]

[[package]]
name = "django"
version = "5.2"
source = { registry = "https://pypi.org/simple" }
dependencies = [
    { name = "asgiref" },
    { name = "sqlparse" },
    { name = "tzdata", marker = "sys_platform == 'win32'" },
]
sdist = { url = "https://files.pythonhosted.org/packages/4c/1b/c6da718c65228eb3a7ff7ba6a32d8e80fa840ca9057490504e099e4dd1ef/Django-5.2.tar.gz", hash = "sha256:1a47f7a7a3d43ce64570d350e008d2949abe8c7e21737b351b6a1611277c6d89", size = 10824891, upload_time = "2025-04-02T13:08:06.874Z" }
wheels = [
    { url = "https://files.pythonhosted.org/packages/63/e0/6a5b5ea350c5bd63fe94b05e4c146c18facb51229d9dee42aa39f9fc2214/Django-5.2-py3-none-any.whl", hash = "sha256:91ceed4e3a6db5aedced65e3c8f963118ea9ba753fc620831c77074e620e7d83", size = 8301361, upload_time = "2025-04-02T13:08:01.465Z" },
]

[[package]]
name = "django-cors-headers"
version = "4.7.0"
source = { registry = "https://pypi.org/simple" }
dependencies = [
    { name = "asgiref" },
    { name = "django" },
]
sdist = { url = "https://files.pythonhosted.org/packages/93/6c/16f6cb6064c63074fd5b2bd494eb319afd846236d9c1a6c765946df2c289/django_cors_headers-4.7.0.tar.gz", hash = "sha256:6fdf31bf9c6d6448ba09ef57157db2268d515d94fc5c89a0a1028e1fc03ee52b", size = 21037, upload_time = "2025-02-06T22:15:28.924Z" }
wheels = [
    { url = "https://files.pythonhosted.org/packages/7e/a2/7bcfff86314bd9dd698180e31ba00604001606efb518a06cca6833a54285/django_cors_headers-4.7.0-py3-none-any.whl", hash = "sha256:f1c125dcd58479fe7a67fe2499c16ee38b81b397463cf025f0e2c42937421070", size = 12794, upload_time = "2025-02-06T22:15:24.341Z" },
]

[[package]]
name = "django-environ"
version = "0.12.0"
source = { registry = "https://pypi.org/simple" }
sdist = { url = "https://files.pythonhosted.org/packages/d6/04/65d2521842c42f4716225f20d8443a50804920606aec018188bbee30a6b0/django_environ-0.12.0.tar.gz", hash = "sha256:227dc891453dd5bde769c3449cf4a74b6f2ee8f7ab2361c93a07068f4179041a", size = 56804, upload_time = "2025-01-13T17:03:37.74Z" }
wheels = [
    { url = "https://files.pythonhosted.org/packages/83/b3/0a3bec4ecbfee960f39b1842c2f91e4754251e0a6ed443db9fe3f666ba8f/django_environ-0.12.0-py2.py3-none-any.whl", hash = "sha256:92fb346a158abda07ffe6eb23135ce92843af06ecf8753f43adf9d2366dcc0ca", size = 19957, upload_time = "2025-01-13T17:03:32.918Z" },
]

[[package]]
name = "django-js-asset"
version = "3.1.2"
source = { registry = "https://pypi.org/simple" }
dependencies = [
    { name = "django" },
]
sdist = { url = "https://files.pythonhosted.org/packages/e6/91/c63f136f553ec24fc46ccf20ac7292a8df04815b383975b6f3f7f0060217/django_js_asset-3.1.2.tar.gz", hash = "sha256:1fc7584199ed1941ed7c8e7b87ca5524bb0f2ba941561d2a104e88ee9f07bedd", size = 9471, upload_time = "2025-03-04T15:22:49.789Z" }
wheels = [
    { url = "https://files.pythonhosted.org/packages/a6/cf/b208767db5e56b5189829f753eec6a14ee75d074922dc2bd19220b22a34d/django_js_asset-3.1.2-py3-none-any.whl", hash = "sha256:b5ffe376aebbd73b7af886d675ac9f43ca63b39540190fa8409c9f8e79145f68", size = 5905, upload_time = "2025-03-04T15:22:51.152Z" },
]

[[package]]
name = "django-prose-editor"
version = "0.11.2"
source = { registry = "https://pypi.org/simple" }
dependencies = [
    { name = "django" },
    { name = "django-js-asset" },
]
sdist = { url = "https://files.pythonhosted.org/packages/74/f0/9df2a9aadeb369615d320095dabfc097b000ee3f93311f381064768f9a85/django_prose_editor-0.11.2.tar.gz", hash = "sha256:d6317240fcf1d817ed0c6cf543ac69fa2722006e260dfbf0a5e77c9996894c65", size = 276555, upload_time = "2025-04-28T06:52:59.899Z" }
wheels = [
    { url = "https://files.pythonhosted.org/packages/e1/e3/0a987711868cf9340eefc21ec904b210051703a788212c3aca4b69abc608/django_prose_editor-0.11.2-py3-none-any.whl", hash = "sha256:06d9165c0382e0b494a13912e18f3e127c066c501882d453f40ec267688d3b32", size = 280621, upload_time = "2025-04-28T06:53:01.841Z" },
]

[package.optional-dependencies]
sanitize = [
    { name = "nh3" },
]

[[package]]
name = "django-storages"
version = "1.14.6"
source = { registry = "https://pypi.org/simple" }
dependencies = [
    { name = "django" },
]
sdist = { url = "https://files.pythonhosted.org/packages/ff/d6/2e50e378fff0408d558f36c4acffc090f9a641fd6e084af9e54d45307efa/django_storages-1.14.6.tar.gz", hash = "sha256:7a25ce8f4214f69ac9c7ce87e2603887f7ae99326c316bc8d2d75375e09341c9", size = 87587, upload_time = "2025-04-02T02:34:55.103Z" }
wheels = [
    { url = "https://files.pythonhosted.org/packages/1f/21/3cedee63417bc5553eed0c204be478071c9ab208e5e259e97287590194f1/django_storages-1.14.6-py3-none-any.whl", hash = "sha256:11b7b6200e1cb5ffcd9962bd3673a39c7d6a6109e8096f0e03d46fab3d3aabd9", size = 33095, upload_time = "2025-04-02T02:34:53.291Z" },
]

[[package]]
name = "djangorestframework"
version = "3.16.0"
source = { registry = "https://pypi.org/simple" }
dependencies = [
    { name = "django" },
]
sdist = { url = "https://files.pythonhosted.org/packages/7d/97/112c5a72e6917949b6d8a18ad6c6e72c46da4290c8f36ee5f1c1dcbc9901/djangorestframework-3.16.0.tar.gz", hash = "sha256:f022ff46613584de994c0c6a4aebbace5fd700555fbe9d33b865ebf173eba6c9", size = 1068408, upload_time = "2025-03-28T14:18:42.065Z" }
wheels = [
    { url = "https://files.pythonhosted.org/packages/eb/3e/2448e93f4f87fc9a9f35e73e3c05669e0edd0c2526834686e949bb1fd303/djangorestframework-3.16.0-py3-none-any.whl", hash = "sha256:bea7e9f6b96a8584c5224bfb2e4348dfb3f8b5e34edbecb98da258e892089361", size = 1067305, upload_time = "2025-03-28T14:18:39.489Z" },
]

[[package]]
name = "nh3"
version = "0.2.21"
source = { registry = "https://pypi.org/simple" }
sdist = { url = "https://files.pythonhosted.org/packages/37/30/2f81466f250eb7f591d4d193930df661c8c23e9056bdc78e365b646054d8/nh3-0.2.21.tar.gz", hash = "sha256:4990e7ee6a55490dbf00d61a6f476c9a3258e31e711e13713b2ea7d6616f670e", size = 16581, upload_time = "2025-02-25T13:38:44.619Z" }
wheels = [
    { url = "https://files.pythonhosted.org/packages/7f/81/b83775687fcf00e08ade6d4605f0be9c4584cb44c4973d9f27b7456a31c9/nh3-0.2.21-cp313-cp313t-macosx_10_12_x86_64.macosx_11_0_arm64.macosx_10_12_universal2.whl", hash = "sha256:fcff321bd60c6c5c9cb4ddf2554e22772bb41ebd93ad88171bbbb6f271255286", size = 1297678, upload_time = "2025-02-25T13:37:56.063Z" },
    { url = "https://files.pythonhosted.org/packages/22/ee/d0ad8fb4b5769f073b2df6807f69a5e57ca9cea504b78809921aef460d20/nh3-0.2.21-cp313-cp313t-manylinux_2_17_x86_64.manylinux2014_x86_64.whl", hash = "sha256:31eedcd7d08b0eae28ba47f43fd33a653b4cdb271d64f1aeda47001618348fde", size = 733774, upload_time = "2025-02-25T13:37:58.419Z" },
    { url = "https://files.pythonhosted.org/packages/ea/76/b450141e2d384ede43fe53953552f1c6741a499a8c20955ad049555cabc8/nh3-0.2.21-cp313-cp313t-manylinux_2_5_i686.manylinux1_i686.whl", hash = "sha256:d426d7be1a2f3d896950fe263332ed1662f6c78525b4520c8e9861f8d7f0d243", size = 760012, upload_time = "2025-02-25T13:38:01.017Z" },
    { url = "https://files.pythonhosted.org/packages/97/90/1182275db76cd8fbb1f6bf84c770107fafee0cb7da3e66e416bcb9633da2/nh3-0.2.21-cp313-cp313t-musllinux_1_2_aarch64.whl", hash = "sha256:9d67709bc0d7d1f5797b21db26e7a8b3d15d21c9c5f58ccfe48b5328483b685b", size = 923619, upload_time = "2025-02-25T13:38:02.617Z" },
    { url = "https://files.pythonhosted.org/packages/29/c7/269a7cfbec9693fad8d767c34a755c25ccb8d048fc1dfc7a7d86bc99375c/nh3-0.2.21-cp313-cp313t-musllinux_1_2_armv7l.whl", hash = "sha256:55823c5ea1f6b267a4fad5de39bc0524d49a47783e1fe094bcf9c537a37df251", size = 1000384, upload_time = "2025-02-25T13:38:04.402Z" },
    { url = "https://files.pythonhosted.org/packages/68/a9/48479dbf5f49ad93f0badd73fbb48b3d769189f04c6c69b0df261978b009/nh3-0.2.21-cp313-cp313t-musllinux_1_2_i686.whl", hash = "sha256:818f2b6df3763e058efa9e69677b5a92f9bc0acff3295af5ed013da544250d5b", size = 918908, upload_time = "2025-02-25T13:38:06.693Z" },
    { url = "https://files.pythonhosted.org/packages/d7/da/0279c118f8be2dc306e56819880b19a1cf2379472e3b79fc8eab44e267e3/nh3-0.2.21-cp313-cp313t-musllinux_1_2_x86_64.whl", hash = "sha256:b3b5c58161e08549904ac4abd450dacd94ff648916f7c376ae4b2c0652b98ff9", size = 909180, upload_time = "2025-02-25T13:38:10.941Z" },
    { url = "https://files.pythonhosted.org/packages/26/16/93309693f8abcb1088ae143a9c8dbcece9c8f7fb297d492d3918340c41f1/nh3-0.2.21-cp313-cp313t-win32.whl", hash = "sha256:637d4a10c834e1b7d9548592c7aad760611415fcd5bd346f77fd8a064309ae6d", size = 532747, upload_time = "2025-02-25T13:38:12.548Z" },
    { url = "https://files.pythonhosted.org/packages/a2/3a/96eb26c56cbb733c0b4a6a907fab8408ddf3ead5d1b065830a8f6a9c3557/nh3-0.2.21-cp313-cp313t-win_amd64.whl", hash = "sha256:713d16686596e556b65e7f8c58328c2df63f1a7abe1277d87625dcbbc012ef82", size = 528908, upload_time = "2025-02-25T13:38:14.059Z" },
    { url = "https://files.pythonhosted.org/packages/ba/1d/b1ef74121fe325a69601270f276021908392081f4953d50b03cbb38b395f/nh3-0.2.21-cp38-abi3-macosx_10_12_x86_64.macosx_11_0_arm64.macosx_10_12_universal2.whl", hash = "sha256:a772dec5b7b7325780922dd904709f0f5f3a79fbf756de5291c01370f6df0967", size = 1316133, upload_time = "2025-02-25T13:38:16.601Z" },
    { url = "https://files.pythonhosted.org/packages/b8/f2/2c7f79ce6de55b41e7715f7f59b159fd59f6cdb66223c05b42adaee2b645/nh3-0.2.21-cp38-abi3-manylinux_2_17_aarch64.manylinux2014_aarch64.whl", hash = "sha256:d002b648592bf3033adfd875a48f09b8ecc000abd7f6a8769ed86b6ccc70c759", size = 758328, upload_time = "2025-02-25T13:38:18.972Z" },
    { url = "https://files.pythonhosted.org/packages/6d/ad/07bd706fcf2b7979c51b83d8b8def28f413b090cf0cb0035ee6b425e9de5/nh3-0.2.21-cp38-abi3-manylinux_2_17_armv7l.manylinux2014_armv7l.whl", hash = "sha256:2a5174551f95f2836f2ad6a8074560f261cf9740a48437d6151fd2d4d7d617ab", size = 747020, upload_time = "2025-02-25T13:38:20.571Z" },
    { url = "https://files.pythonhosted.org/packages/75/99/06a6ba0b8a0d79c3d35496f19accc58199a1fb2dce5e711a31be7e2c1426/nh3-0.2.21-cp38-abi3-manylinux_2_17_ppc64.manylinux2014_ppc64.whl", hash = "sha256:b8d55ea1fc7ae3633d758a92aafa3505cd3cc5a6e40470c9164d54dff6f96d42", size = 944878, upload_time = "2025-02-25T13:38:22.204Z" },
    { url = "https://files.pythonhosted.org/packages/79/d4/dc76f5dc50018cdaf161d436449181557373869aacf38a826885192fc587/nh3-0.2.21-cp38-abi3-manylinux_2_17_ppc64le.manylinux2014_ppc64le.whl", hash = "sha256:6ae319f17cd8960d0612f0f0ddff5a90700fa71926ca800e9028e7851ce44a6f", size = 903460, upload_time = "2025-02-25T13:38:25.951Z" },
    { url = "https://files.pythonhosted.org/packages/cd/c3/d4f8037b2ab02ebf5a2e8637bd54736ed3d0e6a2869e10341f8d9085f00e/nh3-0.2.21-cp38-abi3-manylinux_2_17_s390x.manylinux2014_s390x.whl", hash = "sha256:63ca02ac6f27fc80f9894409eb61de2cb20ef0a23740c7e29f9ec827139fa578", size = 839369, upload_time = "2025-02-25T13:38:28.174Z" },
    { url = "https://files.pythonhosted.org/packages/11/a9/1cd3c6964ec51daed7b01ca4686a5c793581bf4492cbd7274b3f544c9abe/nh3-0.2.21-cp38-abi3-manylinux_2_17_x86_64.manylinux2014_x86_64.whl", hash = "sha256:a5f77e62aed5c4acad635239ac1290404c7e940c81abe561fd2af011ff59f585", size = 739036, upload_time = "2025-02-25T13:38:30.539Z" },
    { url = "https://files.pythonhosted.org/packages/fd/04/bfb3ff08d17a8a96325010ae6c53ba41de6248e63cdb1b88ef6369a6cdfc/nh3-0.2.21-cp38-abi3-manylinux_2_5_i686.manylinux1_i686.whl", hash = "sha256:087ffadfdcd497658c3adc797258ce0f06be8a537786a7217649fc1c0c60c293", size = 768712, upload_time = "2025-02-25T13:38:32.992Z" },
    { url = "https://files.pythonhosted.org/packages/9e/aa/cfc0bf545d668b97d9adea4f8b4598667d2b21b725d83396c343ad12bba7/nh3-0.2.21-cp38-abi3-musllinux_1_2_aarch64.whl", hash = "sha256:ac7006c3abd097790e611fe4646ecb19a8d7f2184b882f6093293b8d9b887431", size = 930559, upload_time = "2025-02-25T13:38:35.204Z" },
    { url = "https://files.pythonhosted.org/packages/78/9d/6f5369a801d3a1b02e6a9a097d56bcc2f6ef98cffebf03c4bb3850d8e0f0/nh3-0.2.21-cp38-abi3-musllinux_1_2_armv7l.whl", hash = "sha256:6141caabe00bbddc869665b35fc56a478eb774a8c1dfd6fba9fe1dfdf29e6efa", size = 1008591, upload_time = "2025-02-25T13:38:37.099Z" },
    { url = "https://files.pythonhosted.org/packages/a6/df/01b05299f68c69e480edff608248313cbb5dbd7595c5e048abe8972a57f9/nh3-0.2.21-cp38-abi3-musllinux_1_2_i686.whl", hash = "sha256:20979783526641c81d2f5bfa6ca5ccca3d1e4472474b162c6256745fbfe31cd1", size = 925670, upload_time = "2025-02-25T13:38:38.696Z" },
    { url = "https://files.pythonhosted.org/packages/3d/79/bdba276f58d15386a3387fe8d54e980fb47557c915f5448d8c6ac6f7ea9b/nh3-0.2.21-cp38-abi3-musllinux_1_2_x86_64.whl", hash = "sha256:a7ea28cd49293749d67e4fcf326c554c83ec912cd09cd94aa7ec3ab1921c8283", size = 917093, upload_time = "2025-02-25T13:38:40.249Z" },
    { url = "https://files.pythonhosted.org/packages/e7/d8/c6f977a5cd4011c914fb58f5ae573b071d736187ccab31bfb1d539f4af9f/nh3-0.2.21-cp38-abi3-win32.whl", hash = "sha256:6c9c30b8b0d291a7c5ab0967ab200598ba33208f754f2f4920e9343bdd88f79a", size = 537623, upload_time = "2025-02-25T13:38:41.893Z" },
    { url = "https://files.pythonhosted.org/packages/23/fc/8ce756c032c70ae3dd1d48a3552577a325475af2a2f629604b44f571165c/nh3-0.2.21-cp38-abi3-win_amd64.whl", hash = "sha256:bb0014948f04d7976aabae43fcd4cb7f551f9f8ce785a4c9ef66e6c2590f8629", size = 535283, upload_time = "2025-02-25T13:38:43.355Z" },
]

[[package]]
name = "pillow"
version = "11.2.1"
source = { registry = "https://pypi.org/simple" }
sdist = { url = "https://files.pythonhosted.org/packages/af/cb/bb5c01fcd2a69335b86c22142b2bccfc3464087efb7fd382eee5ffc7fdf7/pillow-11.2.1.tar.gz", hash = "sha256:a64dd61998416367b7ef979b73d3a85853ba9bec4c2925f74e588879a58716b6", size = 47026707, upload_time = "2025-04-12T17:50:03.289Z" }
wheels = [
    { url = "https://files.pythonhosted.org/packages/36/9c/447528ee3776e7ab8897fe33697a7ff3f0475bb490c5ac1456a03dc57956/pillow-11.2.1-cp313-cp313-macosx_10_13_x86_64.whl", hash = "sha256:fdec757fea0b793056419bca3e9932eb2b0ceec90ef4813ea4c1e072c389eb28", size = 3190098, upload_time = "2025-04-12T17:48:23.915Z" },
    { url = "https://files.pythonhosted.org/packages/b5/09/29d5cd052f7566a63e5b506fac9c60526e9ecc553825551333e1e18a4858/pillow-11.2.1-cp313-cp313-macosx_11_0_arm64.whl", hash = "sha256:b0e130705d568e2f43a17bcbe74d90958e8a16263868a12c3e0d9c8162690830", size = 3030166, upload_time = "2025-04-12T17:48:25.738Z" },
    { url = "https://files.pythonhosted.org/packages/71/5d/446ee132ad35e7600652133f9c2840b4799bbd8e4adba881284860da0a36/pillow-11.2.1-cp313-cp313-manylinux_2_17_aarch64.manylinux2014_aarch64.whl", hash = "sha256:7bdb5e09068332578214cadd9c05e3d64d99e0e87591be22a324bdbc18925be0", size = 4408674, upload_time = "2025-04-12T17:48:27.908Z" },
    { url = "https://files.pythonhosted.org/packages/69/5f/cbe509c0ddf91cc3a03bbacf40e5c2339c4912d16458fcb797bb47bcb269/pillow-11.2.1-cp313-cp313-manylinux_2_17_x86_64.manylinux2014_x86_64.whl", hash = "sha256:d189ba1bebfbc0c0e529159631ec72bb9e9bc041f01ec6d3233d6d82eb823bc1", size = 4496005, upload_time = "2025-04-12T17:48:29.888Z" },
    { url = "https://files.pythonhosted.org/packages/f9/b3/dd4338d8fb8a5f312021f2977fb8198a1184893f9b00b02b75d565c33b51/pillow-11.2.1-cp313-cp313-manylinux_2_28_aarch64.whl", hash = "sha256:191955c55d8a712fab8934a42bfefbf99dd0b5875078240943f913bb66d46d9f", size = 4518707, upload_time = "2025-04-12T17:48:31.874Z" },
    { url = "https://files.pythonhosted.org/packages/13/eb/2552ecebc0b887f539111c2cd241f538b8ff5891b8903dfe672e997529be/pillow-11.2.1-cp313-cp313-manylinux_2_28_x86_64.whl", hash = "sha256:ad275964d52e2243430472fc5d2c2334b4fc3ff9c16cb0a19254e25efa03a155", size = 4610008, upload_time = "2025-04-12T17:48:34.422Z" },
    { url = "https://files.pythonhosted.org/packages/72/d1/924ce51bea494cb6e7959522d69d7b1c7e74f6821d84c63c3dc430cbbf3b/pillow-11.2.1-cp313-cp313-musllinux_1_2_aarch64.whl", hash = "sha256:750f96efe0597382660d8b53e90dd1dd44568a8edb51cb7f9d5d918b80d4de14", size = 4585420, upload_time = "2025-04-12T17:48:37.641Z" },
    { url = "https://files.pythonhosted.org/packages/43/ab/8f81312d255d713b99ca37479a4cb4b0f48195e530cdc1611990eb8fd04b/pillow-11.2.1-cp313-cp313-musllinux_1_2_x86_64.whl", hash = "sha256:fe15238d3798788d00716637b3d4e7bb6bde18b26e5d08335a96e88564a36b6b", size = 4667655, upload_time = "2025-04-12T17:48:39.652Z" },
    { url = "https://files.pythonhosted.org/packages/94/86/8f2e9d2dc3d308dfd137a07fe1cc478df0a23d42a6c4093b087e738e4827/pillow-11.2.1-cp313-cp313-win32.whl", hash = "sha256:3fe735ced9a607fee4f481423a9c36701a39719252a9bb251679635f99d0f7d2", size = 2332329, upload_time = "2025-04-12T17:48:41.765Z" },
    { url = "https://files.pythonhosted.org/packages/6d/ec/1179083b8d6067a613e4d595359b5fdea65d0a3b7ad623fee906e1b3c4d2/pillow-11.2.1-cp313-cp313-win_amd64.whl", hash = "sha256:74ee3d7ecb3f3c05459ba95eed5efa28d6092d751ce9bf20e3e253a4e497e691", size = 2676388, upload_time = "2025-04-12T17:48:43.625Z" },
    { url = "https://files.pythonhosted.org/packages/23/f1/2fc1e1e294de897df39fa8622d829b8828ddad938b0eaea256d65b84dd72/pillow-11.2.1-cp313-cp313-win_arm64.whl", hash = "sha256:5119225c622403afb4b44bad4c1ca6c1f98eed79db8d3bc6e4e160fc6339d66c", size = 2414950, upload_time = "2025-04-12T17:48:45.475Z" },
    { url = "https://files.pythonhosted.org/packages/c4/3e/c328c48b3f0ead7bab765a84b4977acb29f101d10e4ef57a5e3400447c03/pillow-11.2.1-cp313-cp313t-macosx_10_13_x86_64.whl", hash = "sha256:8ce2e8411c7aaef53e6bb29fe98f28cd4fbd9a1d9be2eeea434331aac0536b22", size = 3192759, upload_time = "2025-04-12T17:48:47.866Z" },
    { url = "https://files.pythonhosted.org/packages/18/0e/1c68532d833fc8b9f404d3a642991441d9058eccd5606eab31617f29b6d4/pillow-11.2.1-cp313-cp313t-macosx_11_0_arm64.whl", hash = "sha256:9ee66787e095127116d91dea2143db65c7bb1e232f617aa5957c0d9d2a3f23a7", size = 3033284, upload_time = "2025-04-12T17:48:50.189Z" },
    { url = "https://files.pythonhosted.org/packages/b7/cb/6faf3fb1e7705fd2db74e070f3bf6f88693601b0ed8e81049a8266de4754/pillow-11.2.1-cp313-cp313t-manylinux_2_17_aarch64.manylinux2014_aarch64.whl", hash = "sha256:9622e3b6c1d8b551b6e6f21873bdcc55762b4b2126633014cea1803368a9aa16", size = 4445826, upload_time = "2025-04-12T17:48:52.346Z" },
    { url = "https://files.pythonhosted.org/packages/07/94/8be03d50b70ca47fb434a358919d6a8d6580f282bbb7af7e4aa40103461d/pillow-11.2.1-cp313-cp313t-manylinux_2_17_x86_64.manylinux2014_x86_64.whl", hash = "sha256:63b5dff3a68f371ea06025a1a6966c9a1e1ee452fc8020c2cd0ea41b83e9037b", size = 4527329, upload_time = "2025-04-12T17:48:54.403Z" },
    { url = "https://files.pythonhosted.org/packages/fd/a4/bfe78777076dc405e3bd2080bc32da5ab3945b5a25dc5d8acaa9de64a162/pillow-11.2.1-cp313-cp313t-manylinux_2_28_aarch64.whl", hash = "sha256:31df6e2d3d8fc99f993fd253e97fae451a8db2e7207acf97859732273e108406", size = 4549049, upload_time = "2025-04-12T17:48:56.383Z" },
    { url = "https://files.pythonhosted.org/packages/65/4d/eaf9068dc687c24979e977ce5677e253624bd8b616b286f543f0c1b91662/pillow-11.2.1-cp313-cp313t-manylinux_2_28_x86_64.whl", hash = "sha256:062b7a42d672c45a70fa1f8b43d1d38ff76b63421cbbe7f88146b39e8a558d91", size = 4635408, upload_time = "2025-04-12T17:48:58.782Z" },
    { url = "https://files.pythonhosted.org/packages/1d/26/0fd443365d9c63bc79feb219f97d935cd4b93af28353cba78d8e77b61719/pillow-11.2.1-cp313-cp313t-musllinux_1_2_aarch64.whl", hash = "sha256:4eb92eca2711ef8be42fd3f67533765d9fd043b8c80db204f16c8ea62ee1a751", size = 4614863, upload_time = "2025-04-12T17:49:00.709Z" },
    { url = "https://files.pythonhosted.org/packages/49/65/dca4d2506be482c2c6641cacdba5c602bc76d8ceb618fd37de855653a419/pillow-11.2.1-cp313-cp313t-musllinux_1_2_x86_64.whl", hash = "sha256:f91ebf30830a48c825590aede79376cb40f110b387c17ee9bd59932c961044f9", size = 4692938, upload_time = "2025-04-12T17:49:02.946Z" },
    { url = "https://files.pythonhosted.org/packages/b3/92/1ca0c3f09233bd7decf8f7105a1c4e3162fb9142128c74adad0fb361b7eb/pillow-11.2.1-cp313-cp313t-win32.whl", hash = "sha256:e0b55f27f584ed623221cfe995c912c61606be8513bfa0e07d2c674b4516d9dd", size = 2335774, upload_time = "2025-04-12T17:49:04.889Z" },
    { url = "https://files.pythonhosted.org/packages/a5/ac/77525347cb43b83ae905ffe257bbe2cc6fd23acb9796639a1f56aa59d191/pillow-11.2.1-cp313-cp313t-win_amd64.whl", hash = "sha256:36d6b82164c39ce5482f649b437382c0fb2395eabc1e2b1702a6deb8ad647d6e", size = 2681895, upload_time = "2025-04-12T17:49:06.635Z" },
    { url = "https://files.pythonhosted.org/packages/67/32/32dc030cfa91ca0fc52baebbba2e009bb001122a1daa8b6a79ad830b38d3/pillow-11.2.1-cp313-cp313t-win_arm64.whl", hash = "sha256:225c832a13326e34f212d2072982bb1adb210e0cc0b153e688743018c94a2681", size = 2417234, upload_time = "2025-04-12T17:49:08.399Z" },
]

[[package]]
name = "sqlparse"
version = "0.5.3"
source = { registry = "https://pypi.org/simple" }
sdist = { url = "https://files.pythonhosted.org/packages/e5/40/edede8dd6977b0d3da179a342c198ed100dd2aba4be081861ee5911e4da4/sqlparse-0.5.3.tar.gz", hash = "sha256:09f67787f56a0b16ecdbde1bfc7f5d9c3371ca683cfeaa8e6ff60b4807ec9272", size = 84999, upload_time = "2024-12-10T12:05:30.728Z" }
wheels = [
    { url = "https://files.pythonhosted.org/packages/a9/5c/bfd6bd0bf979426d405cc6e71eceb8701b148b16c21d2dc3c261efc61c7b/sqlparse-0.5.3-py3-none-any.whl", hash = "sha256:cf2196ed3418f3ba5de6af7e82c694a9fbdbfecccdfc72e281548517081f16ca", size = 44415, upload_time = "2024-12-10T12:05:27.824Z" },
]

[[package]]
name = "tzdata"
version = "2025.2"
source = { registry = "https://pypi.org/simple" }
sdist = { url = "https://files.pythonhosted.org/packages/95/32/1a225d6164441be760d75c2c42e2780dc0873fe382da3e98a2e1e48361e5/tzdata-2025.2.tar.gz", hash = "sha256:b60a638fcc0daffadf82fe0f57e53d06bdec2f36c4df66280ae79bce6bd6f2b9", size = 196380, upload_time = "2025-03-23T13:54:43.652Z" }
wheels = [
    { url = "https://files.pythonhosted.org/packages/5c/23/c7abc0ca0a1526a0774eca151daeb8de62ec457e77262b66b359c3c7679e/tzdata-2025.2-py2.py3-none-any.whl", hash = "sha256:1a403fada01ff9221ca8044d701868fa132215d84beb92242d9acd2147f667a8", size = 347839, upload_time = "2025-03-23T13:54:41.845Z" },
]

[[package]]
name = "zeta-backend"
version = "0.1.0"
source = { virtual = "." }
dependencies = [
    { name = "django" },
    { name = "django-cors-headers" },
    { name = "django-environ" },
    { name = "django-prose-editor", extra = ["sanitize"] },
    { name = "django-storages" },
    { name = "djangorestframework" },
    { name = "pillow" },
]

[package.metadata]
requires-dist = [
    { name = "django", specifier = "==5.2" },
    { name = "django-cors-headers", specifier = "==4.7.0" },
    { name = "django-environ", specifier = "==0.12.0" },
    { name = "django-prose-editor", extras = ["sanitize"] },
    { name = "django-storages", specifier = "==1.14.6" },
    { name = "djangorestframework", specifier = "==3.16.0" },
    { name = "pillow", specifier = "==11.2.1" },
]
